
Microsoft Visual Studio Solution File, Format Version 12.00
# Visual Studio Version 17
VisualStudioVersion = 17.5.33530.505
MinimumVisualStudioVersion = 10.0.40219.1
Project("{FAE04EC0-301F-11D3-BF4B-00C04F79EFBC}") = "Tipi di dati", "Tipi di dati\Tipi di dati.csproj", "{87DC862A-A83B-411F-8EBF-F353BA8EA5ED}"
EndProject
Global
	GlobalSection(SolutionConfigurationPlatforms) = preSolution
		Debug|Any CPU = Debug|Any CPU
		Release|Any CPU = Release|Any CPU
	EndGlobalSection
	GlobalSection(ProjectConfigurationPlatforms) = postSolution
		{87DC862A-A83B-411F-8EBF-F353BA8EA5ED}.Debug|Any CPU.ActiveCfg = Debug|Any CPU
		{87DC862A-A83B-411F-8EBF-F353BA8EA5ED}.Debug|Any CPU.Build.0 = Debug|Any CPU
		{87DC862A-A83B-411F-8EBF-F353BA8EA5ED}.Release|Any CPU.ActiveCfg = Release|Any CPU
		{87DC862A-A83B-411F-8EBF-F353BA8EA5ED}.Release|Any CPU.Build.0 = Release|Any CPU
	EndGlobalSection
	GlobalSection(SolutionProperties) = preSolution
		HideSolutionNode = FALSE
	EndGlobalSection
	GlobalSection(ExtensibilityGlobals) = postSolution
		SolutionGuid = {992B1341-BBF8-44E5-AC70-99221EDA5BB8}
	EndGlobalSection
EndGlobal
